
Microsoft Visual Studio Solution File, Format Version 12.00
# Visual Studio Version 16
VisualStudioVersion = 16.0.31424.327
MinimumVisualStudioVersion = 10.0.40219.1
Project("{FAE04EC0-301F-11D3-BF4B-00C04F79EFBC}") = "Jenkins", "Jenkins\Jenkins.csproj", "{4488A5AB-DF82-4459-A818-1C37C7058F44}"
EndProject
Project("{FAE04EC0-301F-11D3-BF4B-00C04F79EFBC}") = "Test", "Test\Test.csproj", "{1FFB7BAE-A807-4372-9660-915DE51C867A}"
EndProject
Global
	GlobalSection(SolutionConfigurationPlatforms) = preSolution
		Debug|Any CPU = Debug|Any CPU
		Release|Any CPU = Release|Any CPU
	EndGlobalSection
	GlobalSection(ProjectConfigurationPlatforms) = postSolution
		{4488A5AB-DF82-4459-A818-1C37C7058F44}.Debug|Any CPU.ActiveCfg = Debug|Any CPU
		{4488A5AB-DF82-4459-A818-1C37C7058F44}.Debug|Any CPU.Build.0 = Debug|Any CPU
		{4488A5AB-DF82-4459-A818-1C37C7058F44}.Release|Any CPU.ActiveCfg = Release|Any CPU
		{4488A5AB-DF82-4459-A818-1C37C7058F44}.Release|Any CPU.Build.0 = Release|Any CPU
		{1FFB7BAE-A807-4372-9660-915DE51C867A}.Debug|Any CPU.ActiveCfg = Debug|Any CPU
		{1FFB7BAE-A807-4372-9660-915DE51C867A}.Debug|Any CPU.Build.0 = Debug|Any CPU
		{1FFB7BAE-A807-4372-9660-915DE51C867A}.Release|Any CPU.ActiveCfg = Release|Any CPU
		{1FFB7BAE-A807-4372-9660-915DE51C867A}.Release|Any CPU.Build.0 = Release|Any CPU
	EndGlobalSection
	GlobalSection(SolutionProperties) = preSolution
		HideSolutionNode = FALSE
	EndGlobalSection
	GlobalSection(ExtensibilityGlobals) = postSolution
		SolutionGuid = {3A4344B9-A6CC-402F-9F56-821839112227}
	EndGlobalSection
EndGlobal
